
Microsoft Visual Studio Solution File, Format Version 12.00
# Visual Studio Version 17
VisualStudioVersion = 17.10.34928.147
MinimumVisualStudioVersion = 10.0.40219.1
Project("{9A19103F-16F7-4668-BE54-9A1E7A4F7556}") = "EducationalSoftwareAssignment", "EducationalSoftwareAssignment\EducationalSoftwareAssignment.csproj", "{BDC6BE08-2C50-445B-8CD6-EEB76CA38231}"
EndProject
Global
	GlobalSection(SolutionConfigurationPlatforms) = preSolution
		Debug|Any CPU = Debug|Any CPU
		Release|Any CPU = Release|Any CPU
	EndGlobalSection
	GlobalSection(ProjectConfigurationPlatforms) = postSolution
		{BDC6BE08-2C50-445B-8CD6-EEB76CA38231}.Debug|Any CPU.ActiveCfg = Debug|Any CPU
		{BDC6BE08-2C50-445B-8CD6-EEB76CA38231}.Debug|Any CPU.Build.0 = Debug|Any CPU
		{BDC6BE08-2C50-445B-8CD6-EEB76CA38231}.Release|Any CPU.ActiveCfg = Release|Any CPU
		{BDC6BE08-2C50-445B-8CD6-EEB76CA38231}.Release|Any CPU.Build.0 = Release|Any CPU
	EndGlobalSection
	GlobalSection(SolutionProperties) = preSolution
		HideSolutionNode = FALSE
	EndGlobalSection
	GlobalSection(ExtensibilityGlobals) = postSolution
		SolutionGuid = {CD0D560B-7A88-415C-8418-F0C6B43C32CB}
	EndGlobalSection
EndGlobal
